
Microsoft Visual Studio Solution File, Format Version 12.00
# Visual Studio Version 16
VisualStudioVersion = 16.0.31829.152
MinimumVisualStudioVersion = 10.0.40219.1
Project("{FAE04EC0-301F-11D3-BF4B-00C04F79EFBC}") = "PracticalWebMobi", "PracticalWebMobi\PracticalWebMobi.csproj", "{17715F3B-0930-447C-870A-89172CEB4E39}"
EndProject
Global
	GlobalSection(SolutionConfigurationPlatforms) = preSolution
		Debug|Any CPU = Debug|Any CPU
		Release|Any CPU = Release|Any CPU
	EndGlobalSection
	GlobalSection(ProjectConfigurationPlatforms) = postSolution
		{17715F3B-0930-447C-870A-89172CEB4E39}.Debug|Any CPU.ActiveCfg = Debug|Any CPU
		{17715F3B-0930-447C-870A-89172CEB4E39}.Debug|Any CPU.Build.0 = Debug|Any CPU
		{17715F3B-0930-447C-870A-89172CEB4E39}.Release|Any CPU.ActiveCfg = Release|Any CPU
		{17715F3B-0930-447C-870A-89172CEB4E39}.Release|Any CPU.Build.0 = Release|Any CPU
	EndGlobalSection
	GlobalSection(SolutionProperties) = preSolution
		HideSolutionNode = FALSE
	EndGlobalSection
	GlobalSection(ExtensibilityGlobals) = postSolution
		SolutionGuid = {EEAD6AE2-F0A4-4FE1-AD74-CD0C4D80DEEC}
	EndGlobalSection
EndGlobal
